// !$*UTF8*$!
{
	archiveVersion = 1;
	classes = {
	};
	objectVersion = 50;
	objects = {

/* Begin PBXBuildFile section */
		BB652E6021835CE20046F064 /* AppDelegate.swift in Sources */ = {isa = PBXBuildFile; fileRef = BB652E5F21835CE20046F064 /* AppDelegate.swift */; };
		BB652E6621835CE20046F064 /* GameScene.swift in Sources */ = {isa = PBXBuildFile; fileRef = BB652E6521835CE20046F064 /* GameScene.swift */; };
		BB652E6821835CE20046F064 /* GameViewController.swift in Sources */ = {isa = PBXBuildFile; fileRef = BB652E6721835CE20046F064 /* GameViewController.swift */; };
		BB652E6B21835CE20046F064 /* Main.storyboard in Resources */ = {isa = PBXBuildFile; fileRef = BB652E6921835CE20046F064 /* Main.storyboard */; };
		BB652E6D21835CE40046F064 /* Assets.xcassets in Resources */ = {isa = PBXBuildFile; fileRef = BB652E6C21835CE40046F064 /* Assets.xcassets */; };
		BB652E7021835CE40046F064 /* LaunchScreen.storyboard in Resources */ = {isa = PBXBuildFile; fileRef = BB652E6E21835CE40046F064 /* LaunchScreen.storyboard */; };
		BB652E78218364280046F064 /* LightNode.swift in Sources */ = {isa = PBXBuildFile; fileRef = BB652E77218364280046F064 /* LightNode.swift */; };
/* End PBXBuildFile section */

/* Begin PBXFileReference section */
		BB652E5C21835CE20046F064 /* Lights Out.app */ = {isa = PBXFileReference; explicitFileType = wrapper.application; includeInIndex = 0; path = "Lights Out.app"; sourceTree = BUILT_PRODUCTS_DIR; };
		BB652E5F21835CE20046F064 /* AppDelegate.swift */ = {isa = PBXFileReference; lastKnownFileType = sourcecode.swift; path = AppDelegate.swift; sourceTree = "<group>"; };
		BB652E6521835CE20046F064 /* GameScene.swift */ = {isa = PBXFileReference; lastKnownFileType = sourcecode.swift; path = GameScene.swift; sourceTree = "<group>"; };
		BB652E6721835CE20046F064 /* GameViewController.swift */ = {isa = PBXFileReference; lastKnownFileType = sourcecode.swift; path = GameViewController.swift; sourceTree = "<group>"; };
		BB652E6A21835CE20046F064 /* Base */ = {isa = PBXFileReference; lastKnownFileType = file.storyboard; name = Base; path = Base.lproj/Main.storyboard; sourceTree = "<group>"; };
		BB652E6C21835CE40046F064 /* Assets.xcassets */ = {isa = PBXFileReference; lastKnownFileType = folder.assetcatalog; path = Assets.xcassets; sourceTree = "<group>"; };
		BB652E6F21835CE40046F064 /* Base */ = {isa = PBXFileReference; lastKnownFileType = file.storyboard; name = Base; path = Base.lproj/LaunchScreen.storyboard; sourceTree = "<group>"; };
		BB652E7121835CE40046F064 /* Info.plist */ = {isa = PBXFileReference; lastKnownFileType = text.plist.xml; path = Info.plist; sourceTree = "<group>"; };
		BB652E77218364280046F064 /* LightNode.swift */ = {isa = PBXFileReference; lastKnownFileType = sourcecode.swift; path = LightNode.swift; sourceTree = "<group>"; };
/* End PBXFileReference section */

/* Begin PBXFrameworksBuildPhase section */
		BB652E5921835CE20046F064 /* Frameworks */ = {
			isa = PBXFrameworksBuildPhase;
			buildActionMask = 2147483647;
			files = (
			);
			runOnlyForDeploymentPostprocessing = 0;
		};
/* End PBXFrameworksBuildPhase section */

/* Begin PBXGroup section */
		BB652E5321835CE20046F064 = {
			isa = PBXGroup;
			children = (
				BB652E5E21835CE20046F064 /* Lights Out */,
				BB652E5D21835CE20046F064 /* Products */,
			);
			sourceTree = "<group>";
		};
		BB652E5D21835CE20046F064 /* Products */ = {
			isa = PBXGroup;
			children = (
				BB652E5C21835CE20046F064 /* Lights Out.app */,
			);
			name = Products;
			sourceTree = "<group>";
		};
		BB652E5E21835CE20046F064 /* Lights Out */ = {
			isa = PBXGroup;
			children = (
				BB652E5F21835CE20046F064 /* AppDelegate.swift */,
				BB652E6521835CE20046F064 /* GameScene.swift */,
				BB652E6721835CE20046F064 /* GameViewController.swift */,
				BB652E6921835CE20046F064 /* Main.storyboard */,
				BB652E6C21835CE40046F064 /* Assets.xcassets */,
				BB652E6E21835CE40046F064 /* LaunchScreen.storyboard */,
				BB652E7121835CE40046F064 /* Info.plist */,
				BB652E77218364280046F064 /* LightNode.swift */,
			);
			path = "Lights Out";
			sourceTree = "<group>";
		};
/* End PBXGroup section */

/* Begin PBXNativeTarget section */
		BB652E5B21835CE20046F064 /* Lights Out */ = {
			isa = PBXNativeTarget;
			buildConfigurationList = BB652E7421835CE40046F064 /* Build configuration list for PBXNativeTarget "Lights Out" */;
			buildPhases = (
				BB652E5821835CE20046F064 /* Sources */,
				BB652E5921835CE20046F064 /* Frameworks */,
				BB652E5A21835CE20046F064 /* Resources */,
			);
			buildRules = (
			);
			dependencies = (
			);
			name = "Lights Out";
			productName = "Lights Out";
			productReference = BB652E5C21835CE20046F064 /* Lights Out.app */;
			productType = "com.apple.product-type.application";
		};
/* End PBXNativeTarget section */

/* Begin PBXProject section */
		BB652E5421835CE20046F064 /* Project object */ = {
			isa = PBXProject;
			attributes = {
				LastSwiftUpdateCheck = 1000;
				LastUpgradeCheck = 1000;
				ORGANIZATIONNAME = "Andrew Muncey";
				TargetAttributes = {
					BB652E5B21835CE20046F064 = {
						CreatedOnToolsVersion = 10.0;
					};
				};
			};
			buildConfigurationList = BB652E5721835CE20046F064 /* Build configuration list for PBXProject "Lights Out" */;
			compatibilityVersion = "Xcode 9.3";
			developmentRegion = en;
			hasScannedForEncodings = 0;
			knownRegions = (
				en,
				Base,
			);
			mainGroup = BB652E5321835CE20046F064;
			productRefGroup = BB652E5D21835CE20046F064 /* Products */;
			projectDirPath = "";
			projectRoot = "";
			targets = (
				BB652E5B21835CE20046F064 /* Lights Out */,
			);
		};
/* End PBXProject section */

/* Begin PBXResourcesBuildPhase section */
		BB652E5A21835CE20046F064 /* Resources */ = {
			isa = PBXResourcesBuildPhase;
			buildActionMask = 2147483647;
			files = (
				BB652E6B21835CE20046F064 /* Main.storyboard in Resources */,
				BB652E6D21835CE40046F064 /* Assets.xcassets in Resources */,
				BB652E7021835CE40046F064 /* LaunchScreen.storyboard in Resources */,
			);
			runOnlyForDeploymentPostprocessing = 0;
		};
/* End PBXResourcesBuildPhase section */

/* Begin PBXSourcesBuildPhase section */
		BB652E5821835CE20046F064 /* Sources */ = {
			isa = PBXSourcesBuildPhase;
			buildActionMask = 2147483647;
			files = (
				BB652E78218364280046F064 /* LightNode.swift in Sources */,
				BB652E6621835CE20046F064 /* GameScene.swift in Sources */,
				BB652E6821835CE20046F064 /* GameViewController.swift in Sources */,
				BB652E6021835CE20046F064 /* AppDelegate.swift in Sources */,
			);
			runOnlyForDeploymentPostprocessing = 0;
		};
/* End PBXSourcesBuildPhase section */

/* Begin PBXVariantGroup section */
		BB652E6921835CE20046F064 /* Main.storyboard */ = {
			isa = PBXVariantGroup;
			children = (
				BB652E6A21835CE20046F064 /* Base */,
			);
			name = Main.storyboard;
			sourceTree = "<group>";
		};
		BB652E6E21835CE40046F064 /* LaunchScreen.storyboard */ = {
			isa = PBXVariantGroup;
			children = (
				BB652E6F21835CE40046F064 /* Base */,
			);
			name = LaunchScreen.storyboard;
			sourceTree = "<group>";
		};
/* End PBXVariantGroup section */

/* Begin XCBuildConfiguration section */
		BB652E7221835CE40046F064 /* Debug */ = {
			isa = XCBuildConfiguration;
			buildSettings = {
				ALWAYS_SEARCH_USER_PATHS = NO;
				CLANG_ANALYZER_NONNULL = YES;
				CLANG_ANALYZER_NUMBER_OBJECT_CONVERSION = YES_AGGRESSIVE;
				CLANG_CXX_LANGUAGE_STANDARD = "gnu++14";
				CLANG_CXX_LIBRARY = "libc++";
				CLANG_ENABLE_MODULES = YES;
				CLANG_ENABLE_OBJC_ARC = YES;
				CLANG_ENABLE_OBJC_WEAK = YES;
				CLANG_WARN_BLOCK_CAPTURE_AUTORELEASING = YES;
				CLANG_WARN_BOOL_CONVERSION = YES;
				CLANG_WARN_COMMA = YES;
				CLANG_WARN_CONSTANT_CONVERSION = YES;
				CLANG_WARN_DEPRECATED_OBJC_IMPLEMENTATIONS = YES;
				CLANG_WARN_DIRECT_OBJC_ISA_USAGE = YES_ERROR;
				CLANG_WARN_DOCUMENTATION_COMMENTS = YES;
				CLANG_WARN_EMPTY_BODY = YES;
				CLANG_WARN_ENUM_CONVERSION = YES;
				CLANG_WARN_INFINITE_RECURSION = YES;
				CLANG_WARN_INT_CONVERSION = YES;
				CLANG_WARN_NON_LITERAL_NULL_CONVERSION = YES;
				CLANG_WARN_OBJC_IMPLICIT_RETAIN_SELF = YES;
				CLANG_WARN_OBJC_LITERAL_CONVERSION = YES;
				CLANG_WARN_OBJC_ROOT_CLASS = YES_ERROR;
				CLANG_WARN_RANGE_LOOP_ANALYSIS = YES;
				CLANG_WARN_STRICT_PROTOTYPES = YES;
				CLANG_WARN_SUSPICIOUS_MOVE = YES;
				CLANG_WARN_UNGUARDED_AVAILABILITY = YES_AGGRESSIVE;
				CLANG_WARN_UNREACHABLE_CODE = YES;
				CLANG_WARN__DUPLICATE_METHOD_MATCH = YES;
				CODE_SIGN_IDENTITY = "iPhone Developer";
				COPY_PHASE_STRIP = NO;
				DEBUG_INFORMATION_FORMAT = dwarf;
				ENABLE_STRICT_OBJC_MSGSEND = YES;
				ENABLE_TESTABILITY = YES;
				GCC_C_LANGUAGE_STANDARD = gnu11;
				GCC_DYNAMIC_NO_PIC = NO;
				GCC_NO_COMMON_BLOCKS = YES;
				GCC_OPTIMIZATION_LEVEL = 0;
				GCC_PREPROCESSOR_DEFINITIONS = (
					"DEBUG=1",
					"$(inherited)",
				);
				GCC_WARN_64_TO_32_BIT_CONVERSION = YES;
				GCC_WARN_ABOUT_RETURN_TYPE = YES_ERROR;
				GCC_WARN_UNDECLARED_SELECTOR = YES;
				GCC_WARN_UNINITIALIZED_AUTOS = YES_AGGRESSIVE;
				GCC_WARN_UNUSED_FUNCTION = YES;
				GCC_WARN_UNUSED_VARIABLE = YES;
				IPHONEOS_DEPLOYMENT_TARGET = 12.0;
				MTL_ENABLE_DEBUG_INFO = INCLUDE_SOURCE;
				MTL_FAST_MATH = YES;
				ONLY_ACTIVE_ARCH = YES;
				SDKROOT = iphoneos;
				SWIFT_ACTIVE_COMPILATION_CONDITIONS = DEBUG;
				SWIFT_OPTIMIZATION_LEVEL = "-Onone";
			};
			name = Debug;
		};
		BB652E7321835CE40046F064 /* Release */ = {
			isa = XCBuildConfiguration;
			buildSettings = {
				ALWAYS_SEARCH_USER_PATHS = NO;
				CLANG_ANALYZER_NONNULL = YES;
				CLANG_ANALYZER_NUMBER_OBJECT_CONVERSION = YES_AGGRESSIVE;
				CLANG_CXX_LANGUAGE_STANDARD = "gnu++14";
				CLANG_CXX_LIBRARY = "libc++";
				CLANG_ENABLE_MODULES = YES;
				CLANG_ENABLE_OBJC_ARC = YES;
				CLANG_ENABLE_OBJC_WEAK = YES;
				CLANG_WARN_BLOCK_CAPTURE_AUTORELEASING = YES;
				CLANG_WARN_BOOL_CONVERSION = YES;
				CLANG_WARN_COMMA = YES;
				CLANG_WARN_CONSTANT_CONVERSION = YES;
				CLANG_WARN_DEPRECATED_OBJC_IMPLEMENTATIONS = YES;
				CLANG_WARN_DIRECT_OBJC_ISA_USAGE = YES_ERROR;
				CLANG_WARN_DOCUMENTATION_COMMENTS = YES;
				CLANG_WARN_EMPTY_BODY = YES;
				CLANG_WARN_ENUM_CONVERSION = YES;
				CLANG_WARN_INFINITE_RECURSION = YES;
				CLANG_WARN_INT_CONVERSION = YES;
				CLANG_WARN_NON_LITERAL_NULL_CONVERSION = YES;
				CLANG_WARN_OBJC_IMPLICIT_RETAIN_SELF = YES;
				CLANG_WARN_OBJC_LITERAL_CONVERSION = YES;
				CLANG_WARN_OBJC_ROOT_CLASS = YES_ERROR;
				CLANG_WARN_RANGE_LOOP_ANALYSIS = YES;
				CLANG_WARN_STRICT_PROTOTYPES = YES;
				CLANG_WARN_SUSPICIOUS_MOVE = YES;
				CLANG_WARN_UNGUARDED_AVAILABILITY = YES_AGGRESSIVE;
				CLANG_WARN_UNREACHABLE_CODE = YES;
				CLANG_WARN__DUPLICATE_METHOD_MATCH = YES;
				CODE_SIGN_IDENTITY = "iPhone Developer";
				COPY_PHASE_STRIP = NO;
				DEBUG_INFORMATION_FORMAT = "dwarf-with-dsym";
				ENABLE_NS_ASSERTIONS = NO;
				ENABLE_STRICT_OBJC_MSGSEND = YES;
				GCC_C_LANGUAGE_STANDARD = gnu11;
				GCC_NO_COMMON_BLOCKS = YES;
				GCC_WARN_64_TO_32_BIT_CONVERSION = YES;
				GCC_WARN_ABOUT_RETURN_TYPE = YES_ERROR;
				GCC_WARN_UNDECLARED_SELECTOR = YES;
				GCC_WARN_UNINITIALIZED_AUTOS = YES_AGGRESSIVE;
				GCC_WARN_UNUSED_FUNCTION = YES;
				GCC_WARN_UNUSED_VARIABLE = YES;
				IPHONEOS_DEPLOYMENT_TARGET = 12.0;
				MTL_ENABLE_DEBUG_INFO = NO;
				MTL_FAST_MATH = YES;
				SDKROOT = iphoneos;
				SWIFT_COMPILATION_MODE = wholemodule;
				SWIFT_OPTIMIZATION_LEVEL = "-O";
				VALIDATE_PRODUCT = YES;
			};
			name = Release;
		};
		BB652E7521835CE40046F064 /* Debug */ = {
			isa = XCBuildConfiguration;
			buildSettings = {
				ASSETCATALOG_COMPILER_APPICON_NAME = AppIcon;
				CODE_SIGN_STYLE = Automatic;
				DEVELOPMENT_TEAM = FH8M85Z3U4;
				INFOPLIST_FILE = "Lights Out/Info.plist";
				LD_RUNPATH_SEARCH_PATHS = (
					"$(inherited)",
					"@executable_path/Frameworks",
				);
				PRODUCT_BUNDLE_IDENTIFIER = "com.tinyappco.Lights-Out";
				PRODUCT_NAME = "$(TARGET_NAME)";
				SWIFT_VERSION = 4.2;
				TARGETED_DEVICE_FAMILY = "1,2";
			};
			name = Debug;
		};
		BB652E7621835CE40046F064 /* Release */ = {
			isa = XCBuildConfiguration;
			buildSettings = {
				ASSETCATALOG_COMPILER_APPICON_NAME = AppIcon;
				CODE_SIGN_STYLE = Automatic;
				DEVELOPMENT_TEAM = FH8M85Z3U4;
				INFOPLIST_FILE = "Lights Out/Info.plist";
				LD_RUNPATH_SEARCH_PATHS = (
					"$(inherited)",
					"@executable_path/Frameworks",
				);
				PRODUCT_BUNDLE_IDENTIFIER = "com.tinyappco.Lights-Out";
				PRODUCT_NAME = "$(TARGET_NAME)";
				SWIFT_VERSION = 4.2;
				TARGETED_DEVICE_FAMILY = "1,2";
			};
			name = Release;
		};
/* End XCBuildConfiguration section */

/* Begin XCConfigurationList section */
		BB652E5721835CE20046F064 /* Build configuration list for PBXProject "Lights Out" */ = {
			isa = XCConfigurationList;
			buildConfigurations = (
				BB652E7221835CE40046F064 /* Debug */,
				BB652E7321835CE40046F064 /* Release */,
			);
			defaultConfigurationIsVisible = 0;
			defaultConfigurationName = Release;
		};
		BB652E7421835CE40046F064 /* Build configuration list for PBXNativeTarget "Lights Out" */ = {
			isa = XCConfigurationList;
			buildConfigurations = (
				BB652E7521835CE40046F064 /* Debug */,
				BB652E7621835CE40046F064 /* Release */,
			);
			defaultConfigurationIsVisible = 0;
			defaultConfigurationName = Release;
		};
/* End XCConfigurationList section */
	};
	rootObject = BB652E5421835CE20046F064 /* Project object */;
}
